{
    "version": 3,
    "terraform_version": "0.10.6",
    "serial": 8,
    "lineage": "bbc93136-8033-4f90-8133-c78a0b9f21cb",
    "modules": [
        {
            "path": [
                "root"
            ],
            "outputs": {},
            "resources": {
                "aws_instance.amzn-test": {
                    "type": "aws_instance",
                    "depends_on": [],
                    "primary": {
                        "id": "i-09edc920d011dcfea",
                        "attributes": {
                            "ami": "ami-4fffc834",
                            "associate_public_ip_address": "true",
                            "availability_zone": "us-east-1d",
                            "disable_api_termination": "false",
                            "ebs_block_device.#": "0",
                            "ebs_optimized": "false",
                            "ephemeral_block_device.#": "0",
                            "iam_instance_profile": "",
                            "id": "i-09edc920d011dcfea",
                            "instance_state": "running",
                            "instance_type": "t2.micro",
                            "ipv6_addresses.#": "0",
                            "key_name": "test",
                            "monitoring": "false",
                            "network_interface.#": "0",
                            "network_interface_id": "eni-9371352d",
                            "primary_network_interface_id": "eni-9371352d",
                            "private_dns": "ip-172-31-31-19.ec2.internal",
                            "private_ip": "172.31.31.19",
                            "public_dns": "ec2-34-203-245-40.compute-1.amazonaws.com",
                            "public_ip": "34.203.245.40",
                            "root_block_device.#": "1",
                            "root_block_device.0.delete_on_termination": "true",
                            "root_block_device.0.iops": "100",
                            "root_block_device.0.volume_size": "8",
                            "root_block_device.0.volume_type": "gp2",
                            "security_groups.#": "1",
                            "security_groups.3814588639": "default",
                            "source_dest_check": "true",
                            "subnet_id": "subnet-1306c358",
                            "tags.%": "2",
                            "tags.Environment": "DEV",
                            "tags.Name": "test",
                            "tenancy": "default",
                            "volume_tags.%": "0",
                            "vpc_security_group_ids.#": "0"
                        },
                        "meta": {
                            "e2bfb730-ecaa-11e6-8f88-34363bc7c4c0": {
                                "create": 600000000000,
                                "delete": 600000000000,
                                "update": 600000000000
                            },
                            "schema_version": "1"
                        },
                        "tainted": false
                    },
                    "deposed": [],
                    "provider": ""
                },
                "aws_s3_bucket.tfstate-bucket": {
                    "type": "aws_s3_bucket",
                    "depends_on": [],
                    "primary": {
                        "id": "evr-tfstate",
                        "attributes": {
                            "acceleration_status": "",
                            "acl": "private",
                            "arn": "arn:aws:s3:::evr-tfstate",
                            "bucket": "evr-tfstate",
                            "bucket_domain_name": "evr-tfstate.s3.amazonaws.com",
                            "force_destroy": "false",
                            "hosted_zone_id": "Z3AQBSTGFYJSTF",
                            "id": "evr-tfstate",
                            "logging.#": "0",
                            "region": "us-east-1",
                            "request_payer": "BucketOwner",
                            "tags.%": "0",
                            "versioning.#": "1",
                            "versioning.0.enabled": "true",
                            "versioning.0.mfa_delete": "false",
                            "website.#": "0"
                        },
                        "meta": {},
                        "tainted": false
                    },
                    "deposed": [],
                    "provider": ""
                }
            },
            "depends_on": []
        }
    ]
}
